Microsoft Visual Studio Solution File, Format Version 11.00
# Visual Studio 2008

Project("{EC7F74FF-A2D2-4E38-795E-40F50937B96D}") = "checkmate", "Assembly-CSharp.csproj", "{9E3F45CD-F5AB-AA57-AF81-02D26D4DAEE8}"
EndProject
Global
	GlobalSection(SolutionConfigurationPlatforms) = preSolution
		Debug|Any CPU = Debug|Any CPU
		Release|Any CPU = Release|Any CPU
	EndGlobalSection
	GlobalSection(ProjectConfigurationPlatforms) = postSolution
		{9E3F45CD-F5AB-AA57-AF81-02D26D4DAEE8}.Debug|Any CPU.ActiveCfg = Debug|Any CPU
		{9E3F45CD-F5AB-AA57-AF81-02D26D4DAEE8}.Debug|Any CPU.Build.0 = Debug|Any CPU
		{9E3F45CD-F5AB-AA57-AF81-02D26D4DAEE8}.Release|Any CPU.ActiveCfg = Release|Any CPU
		{9E3F45CD-F5AB-AA57-AF81-02D26D4DAEE8}.Release|Any CPU.Build.0 = Release|Any CPU
	EndGlobalSection
	GlobalSection(SolutionProperties) = preSolution
		HideSolutionNode = FALSE
	EndGlobalSection
	GlobalSection(MonoDevelopProperties) = preSolution
		StartupItem = Assembly-CSharp.csproj
	EndGlobalSection
EndGlobal
